
Microsoft Visual Studio Solution File, Format Version 12.00
# Visual Studio Version 17
VisualStudioVersion = 17.0.32112.339
MinimumVisualStudioVersion = 10.0.40219.1
Project("{FAE04EC0-301F-11D3-BF4B-00C04F79EFBC}") = "DocFxForm", "DocFxForm\DocFxForm.csproj", "{ABD347BD-347F-4FA9-AC1C-D3DD94ACEC66}"
EndProject
Global
	GlobalSection(SolutionConfigurationPlatforms) = preSolution
		Debug|Any CPU = Debug|Any CPU
		Release|Any CPU = Release|Any CPU
	EndGlobalSection
	GlobalSection(ProjectConfigurationPlatforms) = postSolution
		{ABD347BD-347F-4FA9-AC1C-D3DD94ACEC66}.Debug|Any CPU.ActiveCfg = Debug|Any CPU
		{ABD347BD-347F-4FA9-AC1C-D3DD94ACEC66}.Debug|Any CPU.Build.0 = Debug|Any CPU
		{ABD347BD-347F-4FA9-AC1C-D3DD94ACEC66}.Release|Any CPU.ActiveCfg = Release|Any CPU
		{ABD347BD-347F-4FA9-AC1C-D3DD94ACEC66}.Release|Any CPU.Build.0 = Release|Any CPU
	EndGlobalSection
	GlobalSection(SolutionProperties) = preSolution
		HideSolutionNode = FALSE
	EndGlobalSection
	GlobalSection(ExtensibilityGlobals) = postSolution
		SolutionGuid = {20E180B3-057F-415D-8FE3-1C9F3CF7E663}
	EndGlobalSection
EndGlobal
